
Microsoft Visual Studio Solution File, Format Version 12.00
# Visual Studio Version 17
VisualStudioVersion = 17.0.31903.59
MinimumVisualStudioVersion = 10.0.40219.1
Project("{FAE04EC0-301F-11D3-BF4B-00C04F79EFBC}") = "Fiotec.QuestPDF.Domain", "src\Fiotec.QuestPDF.Domain\Fiotec.QuestPDF.Domain.csproj", "{EE72E944-DE7D-4F81-A628-1FBAFC28B2DE}"
EndProject
Project("{FAE04EC0-301F-11D3-BF4B-00C04F79EFBC}") = "Fiotec.QuestPDF.Application", "src\Fiotec.QuestPDF.Application\Fiotec.QuestPDF.Application.csproj", "{C9C41637-54BB-4655-9EFF-446F446ADD37}"
EndProject
Project("{FAE04EC0-301F-11D3-BF4B-00C04F79EFBC}") = "Fiotec.QuestPDF.Infrastructure", "src\Fiotec.QuestPDF.Infrastructure\Fiotec.QuestPDF.Infrastructure.csproj", "{53308A81-F336-4EDD-B471-5945D9691156}"
EndProject
Project("{FAE04EC0-301F-11D3-BF4B-00C04F79EFBC}") = "Fiotec.QuestPDF.Tests", "tests\Fiotec.QuestPDF.Tests\Fiotec.QuestPDF.Tests.csproj", "{3BAE486C-9F26-40F3-A6E6-7C0A122D4CE5}"
EndProject
Project("{FAE04EC0-301F-11D3-BF4B-00C04F79EFBC}") = "Fiotec.QuestPDF.API", "src\Fiotec.QuestPDF.API\Fiotec.QuestPDF.API.csproj", "{040180B4-F617-42D1-A8A1-69848834CFE1}"
EndProject
Global
	GlobalSection(SolutionConfigurationPlatforms) = preSolution
		Debug|Any CPU = Debug|Any CPU
		Release|Any CPU = Release|Any CPU
	EndGlobalSection
	GlobalSection(ProjectConfigurationPlatforms) = postSolution
		{EE72E944-DE7D-4F81-A628-1FBAFC28B2DE}.Debug|Any CPU.ActiveCfg = Debug|Any CPU
		{EE72E944-DE7D-4F81-A628-1FBAFC28B2DE}.Debug|Any CPU.Build.0 = Debug|Any CPU
		{EE72E944-DE7D-4F81-A628-1FBAFC28B2DE}.Release|Any CPU.ActiveCfg = Release|Any CPU
		{EE72E944-DE7D-4F81-A628-1FBAFC28B2DE}.Release|Any CPU.Build.0 = Release|Any CPU
		{C9C41637-54BB-4655-9EFF-446F446ADD37}.Debug|Any CPU.ActiveCfg = Debug|Any CPU
		{C9C41637-54BB-4655-9EFF-446F446ADD37}.Debug|Any CPU.Build.0 = Debug|Any CPU
		{C9C41637-54BB-4655-9EFF-446F446ADD37}.Release|Any CPU.ActiveCfg = Release|Any CPU
		{C9C41637-54BB-4655-9EFF-446F446ADD37}.Release|Any CPU.Build.0 = Release|Any CPU
		{53308A81-F336-4EDD-B471-5945D9691156}.Debug|Any CPU.ActiveCfg = Debug|Any CPU
		{53308A81-F336-4EDD-B471-5945D9691156}.Debug|Any CPU.Build.0 = Debug|Any CPU
		{53308A81-F336-4EDD-B471-5945D9691156}.Release|Any CPU.ActiveCfg = Release|Any CPU
		{53308A81-F336-4EDD-B471-5945D9691156}.Release|Any CPU.Build.0 = Release|Any CPU
		{3BAE486C-9F26-40F3-A6E6-7C0A122D4CE5}.Debug|Any CPU.ActiveCfg = Debug|Any CPU
		{3BAE486C-9F26-40F3-A6E6-7C0A122D4CE5}.Debug|Any CPU.Build.0 = Debug|Any CPU
		{3BAE486C-9F26-40F3-A6E6-7C0A122D4CE5}.Release|Any CPU.ActiveCfg = Release|Any CPU
		{3BAE486C-9F26-40F3-A6E6-7C0A122D4CE5}.Release|Any CPU.Build.0 = Release|Any CPU
		{040180B4-F617-42D1-A8A1-69848834CFE1}.Debug|Any CPU.ActiveCfg = Debug|Any CPU
		{040180B4-F617-42D1-A8A1-69848834CFE1}.Debug|Any CPU.Build.0 = Debug|Any CPU
		{040180B4-F617-42D1-A8A1-69848834CFE1}.Release|Any CPU.ActiveCfg = Release|Any CPU
		{040180B4-F617-42D1-A8A1-69848834CFE1}.Release|Any CPU.Build.0 = Release|Any CPU
	EndGlobalSection
	GlobalSection(SolutionProperties) = preSolution
		HideSolutionNode = FALSE
	EndGlobalSection
	GlobalSection(ExtensibilityGlobals) = postSolution
		SolutionGuid = {5EF3D096-8EED-4CB9-B423-ABA883FF8C6A}
	EndGlobalSection
EndGlobal
